
Microsoft Visual Studio Solution File, Format Version 12.00
# Visual Studio Version 17
VisualStudioVersion = 17.1.32210.238
MinimumVisualStudioVersion = 10.0.40219.1
Project("{FAE04EC0-301F-11D3-BF4B-00C04F79EFBC}") = "form-recognizer-test", "form-recognizer-test\form-recognizer-test.csproj", "{50E74840-D3E7-498A-B3FC-0B779C2259B3}"
EndProject
Global
	GlobalSection(SolutionConfigurationPlatforms) = preSolution
		Debug|Any CPU = Debug|Any CPU
		Release|Any CPU = Release|Any CPU
	EndGlobalSection
	GlobalSection(ProjectConfigurationPlatforms) = postSolution
		{50E74840-D3E7-498A-B3FC-0B779C2259B3}.Debug|Any CPU.ActiveCfg = Debug|Any CPU
		{50E74840-D3E7-498A-B3FC-0B779C2259B3}.Debug|Any CPU.Build.0 = Debug|Any CPU
		{50E74840-D3E7-498A-B3FC-0B779C2259B3}.Release|Any CPU.ActiveCfg = Release|Any CPU
		{50E74840-D3E7-498A-B3FC-0B779C2259B3}.Release|Any CPU.Build.0 = Release|Any CPU
	EndGlobalSection
	GlobalSection(SolutionProperties) = preSolution
		HideSolutionNode = FALSE
	EndGlobalSection
	GlobalSection(ExtensibilityGlobals) = postSolution
		SolutionGuid = {FD9E425B-48BF-4D3B-84B6-B6D49DEDA34F}
	EndGlobalSection
EndGlobal
